{
  "name": "cuf",
  "version": "1.1.2",
  "lockfileVersion": 1,
  "requires": true,
  "dependencies": {
    "@yelloxing/core.js": {
      "version": "0.3.1",
      "resolved": "https://registry.npmjs.org/@yelloxing/core.js/-/core.js-0.3.1.tgz",
      "integrity": "sha512-ITZD5ywfpBpU34LjRqoOEM9VyTwG8v9RipfCskEti8NEGx/mhJ3p/5+CjbbFpnlLEAvruaR5VmtgyXSAjlPKMw=="
    }
  }
}
