{
  "name": "cuf",
  "version": "1.2.0",
  "lockfileVersion": 1,
  "requires": true,
  "dependencies": {
    "@yelloxing/core.js": {
      "version": "0.3.7",
      "resolved": "https://registry.npmjs.org/@yelloxing/core.js/-/core.js-0.3.7.tgz",
      "integrity": "sha512-E7cVTFSfCqGsxGT1XUne8hjNeHFYPVwfjTsfHrtdPAnJD6zdRPfozaeJ5JT/42YwUR2ei2iy4BDNIBLpaT2AJw=="
    }
  }
}
